# THIS IS AN AUTOGENERATED FILE. DO NOT EDIT THIS FILE DIRECTLY.
# yarn lockfile v1


"@formatjs/intl-displaynames@^1.2.0":
  version "1.2.2"
  resolved "https://registry.yarnpkg.com/@formatjs/intl-displaynames/-/intl-displaynames-1.2.2.tgz#d0f0edebad96660196d282f609a1169a88a27d4a"
  integrity sha512-qwYxEWJEIplshOMWyLGl2g0d9g/25oQm8GWWCRcagHhv4YIfSJM5+GCTYNJiQImm10pKfEhoV5ezDs0Pr/8CRA==
  dependencies:
    "@formatjs/intl-utils" "^2.2.0"

"@formatjs/intl-listformat@^1.4.1":
  version "1.4.2"
  resolved "https://registry.yarnpkg.com/@formatjs/intl-listformat/-/intl-listformat-1.4.2.tgz#ed8250107e84faa9fe9fafd8602022e8d9d6a179"
  integrity sha512-e4ooLDRkNpwlswXLTuSB34catJSWqnYVITBQl+rOLLAdIqVxowqX5ngWCAhaXGIMs58ohaZMor5ikJpUbPhgTA==
  dependencies:
    "@formatjs/intl-utils" "^2.2.0"

"@formatjs/intl-relativetimeformat@^4.5.9":
  version "4.5.10"
  resolved "https://registry.yarnpkg.com/@formatjs/intl-relativetimeformat/-/intl-relativetimeformat-4.5.10.tgz#5c23775da4366e8e3763c900270711d42a0f4fb7"
  integrity sha512-lQXqwywTcWL88VV+6RC1xShZjH0ry4/TEQHKGcTF3ObJp2P61EHIu8UftYgFfDqRDSV9/yQBiyStaBZWbHNlzg==
  dependencies:
    "@formatjs/intl-utils" "^2.2.0"

"@formatjs/intl-unified-numberformat@^3.2.0":
  version "3.3.0"
  resolved "https://registry.yarnpkg.com/@formatjs/intl-unified-numberformat/-/intl-unified-numberformat-3.3.0.tgz#0692346a9cd432abb2cd9b6879ddd6592585641a"
  integrity sha512-wLT3myYq6fUhJYUh53tt5fMok+sUqO3Jy1XeSqYTphP7MmQl38tHqAIL65Dxh7M6/QlDEQTOkMZNpQcnT0AzaQ==
  dependencies:
    "@formatjs/intl-utils" "^2.2.0"

"@formatjs/intl-utils@^2.2.0":
  version "2.2.0"
  resolved "https://registry.yarnpkg.com/@formatjs/intl-utils/-/intl-utils-2.2.0.tgz#ba6e12fe64ff7fd160be392007c47d24b7ae5c75"
  integrity sha512-+Az7tR1av1DHZu9668D8uh9atT6vp+FFmEF8BrEssv0OqzpVjpVBGVmcgPzQP8k2PQjVlm/h2w8cTt0knn132w==

"@types/classnames@^2.2.10":
  version "2.2.10"
  resolved "https://registry.yarnpkg.com/@types/classnames/-/classnames-2.2.10.tgz#cc658ca319b6355399efc1f5b9e818f1a24bf999"
  integrity sha512-1UzDldn9GfYYEsWWnn/P4wkTlkZDH7lDb0wBMGbtIQc9zXEQq7FlKBdZUn6OBqD8sKZZ2RQO2mAjGpXiDGoRmQ==

"@types/hoist-non-react-statics@^3.3.1":
  version "3.3.1"
  resolved "https://registry.yarnpkg.com/@types/hoist-non-react-statics/-/hoist-non-react-statics-3.3.1.tgz#1124aafe5118cb591977aeb1ceaaed1070eb039f"
  integrity sha512-iMIqiko6ooLrTh1joXodJK5X9xeEALT1kM5G3ZLhD3hszxBdIEd5C75U834D9mLcINgD4OyZf5uQXjkuYydWvA==
  dependencies:
    "@types/react" "*"
    hoist-non-react-statics "^3.3.0"

"@types/invariant@^2.2.31":
  version "2.2.31"
  resolved "https://registry.yarnpkg.com/@types/invariant/-/invariant-2.2.31.tgz#4444c03004f215289dbca3856538434317dd28b2"
  integrity sha512-jMlgg9pIURvy9jgBHCjQp/CyBjYHUwj91etVcDdXkFl2CwTFiQlB+8tcsMeXpXf2PFE5X2pjk4Gm43hQSMHAdA==

"@types/node@^12.12.31":
  version "12.12.31"
  resolved "https://registry.yarnpkg.com/@types/node/-/node-12.12.31.tgz#d6b4f9645fee17f11319b508fb1001797425da51"
  integrity sha512-T+wnJno8uh27G9c+1T+a1/WYCHzLeDqtsGJkoEdSp2X8RTh3oOCZQcUnjAx90CS8cmmADX51O0FI/tu9s0yssg==

"@types/prop-types@*":
  version "15.7.3"
  resolved "https://registry.yarnpkg.com/@types/prop-types/-/prop-types-15.7.3.tgz#2ab0d5da2e5815f94b0b9d4b95d1e5f243ab2ca7"
  integrity sha512-KfRL3PuHmqQLOG+2tGpRO26Ctg+Cq1E01D2DMriKEATHgWLfeNDmq9e29Q9WIky0dQ3NPkd1mzYH8Lm936Z9qw==

"@types/react@*", "@types/react@^16.9.26":
  version "16.9.26"
  resolved "https://registry.yarnpkg.com/@types/react/-/react-16.9.26.tgz#1e55803e468f5393413e29033538cc9aaed6cec9"
  integrity sha512-dGuSM+B0Pq1MKXYUMlUQWeS6Jj9IhSAUf9v8Ikaimj+YhkBcQrihWBkmyEhK/1fzkJTwZQkhZp5YhmWa2CH+Rw==
  dependencies:
    "@types/prop-types" "*"
    csstype "^2.2.0"

classnames@^2.2.6:
  version "2.2.6"
  resolved "https://registry.yarnpkg.com/classnames/-/classnames-2.2.6.tgz#43935bffdd291f326dad0a205309b38d00f650ce"
  integrity sha512-JR/iSQOSt+LQIWwrwEzJ9uk0xfN3mTVYMwt1Ir5mUcSN6pU+V4zQFFaJsclJbPuAUQH+yfWef6tm7l1quW3C8Q==

csstype@^2.2.0:
  version "2.6.9"
  resolved "https://registry.yarnpkg.com/csstype/-/csstype-2.6.9.tgz#05141d0cd557a56b8891394c1911c40c8a98d098"
  integrity sha512-xz39Sb4+OaTsULgUERcCk+TJj8ylkL4aSVDQiX/ksxbELSqwkgt4d4RD7fovIdgJGSuNYqwZEiVjYY5l0ask+Q==

hoist-non-react-statics@^3.3.0, hoist-non-react-statics@^3.3.2:
  version "3.3.2"
  resolved "https://registry.yarnpkg.com/hoist-non-react-statics/-/hoist-non-react-statics-3.3.2.tgz#ece0acaf71d62c2969c2ec59feff42a4b1a85b45"
  integrity sha512-/gGivxi8JPKWNm/W0jSmzcMPpfpPLc3dY/6GxhX2hQ9iGj3aDfklV4ET7NjKpSinLpJ5vafa9iiGIEZg10SfBw==
  dependencies:
    react-is "^16.7.0"

intl-format-cache@^4.2.21:
  version "4.2.22"
  resolved "https://registry.yarnpkg.com/intl-format-cache/-/intl-format-cache-4.2.22.tgz#b5a7e8af2f439eafebd0c40e3fe6cd8a54e79d1d"
  integrity sha512-LFa7/3bUN5v6/QqOkcjSryPwffjnX+YiLgYQa9QJqNiHJfFgAnr0ssM/davI1FhgoW398SR36HHhm1X2Poq6NQ==

intl-messageformat-parser@^3.6.4:
  version "3.6.4"
  resolved "https://registry.yarnpkg.com/intl-messageformat-parser/-/intl-messageformat-parser-3.6.4.tgz#5199d106d816c3dda26ee0694362a9cf823978fb"
  integrity sha512-RgPGwue0mJtoX2Ax8EmMzJzttxjnva7gx0Q7mKJ4oALrTZvtmCeAw5Msz2PcjW4dtCh/h7vN/8GJCxZO1uv+OA==
  dependencies:
    "@formatjs/intl-unified-numberformat" "^3.2.0"

intl-messageformat@^7.8.4:
  version "7.8.4"
  resolved "https://registry.yarnpkg.com/intl-messageformat/-/intl-messageformat-7.8.4.tgz#c29146a06b9cd26662978a4d95fff2b133e3642f"
  integrity sha512-yS0cLESCKCYjseCOGXuV4pxJm/buTfyCJ1nzQjryHmSehlptbZbn9fnlk1I9peLopZGGbjj46yHHiTAEZ1qOTA==
  dependencies:
    intl-format-cache "^4.2.21"
    intl-messageformat-parser "^3.6.4"

"js-tokens@^3.0.0 || ^4.0.0":
  version "4.0.0"
  resolved "https://registry.yarnpkg.com/js-tokens/-/js-tokens-4.0.0.tgz#19203fb59991df98e3a287050d4647cdeaf32499"
  integrity sha512-RdJUflcE3cUzKiMqQgsCu06FPu9UdIJO0beYbPhHN4k6apgJtifcoCtT9bcxOpYBtpD2kCM6Sbzg4CausW/PKQ==

loose-envify@^1.1.0, loose-envify@^1.4.0:
  version "1.4.0"
  resolved "https://registry.yarnpkg.com/loose-envify/-/loose-envify-1.4.0.tgz#71ee51fa7be4caec1a63839f7e682d8132d30caf"
  integrity sha512-lyuxPGr/Wfhrlem2CL/UcnUc1zcqKAImBDzukY7Y5F/yQiNdko6+fRLevlw1HgMySw7f611UIY408EtxRSoK3Q==
  dependencies:
    js-tokens "^3.0.0 || ^4.0.0"

object-assign@^4.1.1:
  version "4.1.1"
  resolved "https://registry.yarnpkg.com/object-assign/-/object-assign-4.1.1.tgz#2109adc7965887cfc05cbbd442cac8bfbb360863"
  integrity sha1-IQmtx5ZYh8/AXLvUQsrIv7s2CGM=

prop-types@^15.6.2:
  version "15.7.2"
  resolved "https://registry.yarnpkg.com/prop-types/-/prop-types-15.7.2.tgz#52c41e75b8c87e72b9d9360e0206b99dcbffa6c5"
  integrity sha512-8QQikdH7//R2vurIJSutZ1smHYTcLpRWEOlHnzcWHmBYrOGUysKwSsrC89BCiFj3CbrfJ/nXFdJepOVrY1GCHQ==
  dependencies:
    loose-envify "^1.4.0"
    object-assign "^4.1.1"
    react-is "^16.8.1"

react-dom@^16.13.1:
  version "16.13.1"
  resolved "https://registry.yarnpkg.com/react-dom/-/react-dom-16.13.1.tgz#c1bd37331a0486c078ee54c4740720993b2e0e7f"
  integrity sha512-81PIMmVLnCNLO/fFOQxdQkvEq/+Hfpv24XNJfpyZhTRfO0QcmQIF/PgCa1zCOj2w1hrn12MFLyaJ/G0+Mxtfag==
  dependencies:
    loose-envify "^1.1.0"
    object-assign "^4.1.1"
    prop-types "^15.6.2"
    scheduler "^0.19.1"

react-intl@^3:
  version "3.12.1"
  resolved "https://registry.yarnpkg.com/react-intl/-/react-intl-3.12.1.tgz#e9a783ea20302e9da25e4eda59e5593a43d2ec80"
  integrity sha512-cgumW29mwROIqyp8NXStYsoIm27+8FqnxykiLSawWjOxGIBeLuN/+p2srei5SRIumcJefOkOIHP+NDck05RgHg==
  dependencies:
    "@formatjs/intl-displaynames" "^1.2.0"
    "@formatjs/intl-listformat" "^1.4.1"
    "@formatjs/intl-relativetimeformat" "^4.5.9"
    "@formatjs/intl-unified-numberformat" "^3.2.0"
    "@formatjs/intl-utils" "^2.2.0"
    "@types/hoist-non-react-statics" "^3.3.1"
    "@types/invariant" "^2.2.31"
    hoist-non-react-statics "^3.3.2"
    intl-format-cache "^4.2.21"
    intl-messageformat "^7.8.4"
    intl-messageformat-parser "^3.6.4"
    shallow-equal "^1.2.1"

react-is@^16.7.0, react-is@^16.8.1:
  version "16.13.1"
  resolved "https://registry.yarnpkg.com/react-is/-/react-is-16.13.1.tgz#789729a4dc36de2999dc156dd6c1d9c18cea56a4"
  integrity sha512-24e6ynE2H+OKt4kqsOvNd8kBpV65zoxbA4BVsEOB3ARVWQki/DHzaUoC5KuON/BiccDaCCTZBuOcfZs70kR8bQ==

react@^16.13.1:
  version "16.13.1"
  resolved "https://registry.yarnpkg.com/react/-/react-16.13.1.tgz#2e818822f1a9743122c063d6410d85c1e3afe48e"
  integrity sha512-YMZQQq32xHLX0bz5Mnibv1/LHb3Sqzngu7xstSM+vrkE5Kzr9xE0yMByK5kMoTK30YVJE61WfbxIFFvfeDKT1w==
  dependencies:
    loose-envify "^1.1.0"
    object-assign "^4.1.1"
    prop-types "^15.6.2"

scheduler@^0.19.1:
  version "0.19.1"
  resolved "https://registry.yarnpkg.com/scheduler/-/scheduler-0.19.1.tgz#4f3e2ed2c1a7d65681f4c854fa8c5a1ccb40f196"
  integrity sha512-n/zwRWRYSUj0/3g/otKDRPMh6qv2SYMWNq85IEa8iZyAv8od9zDYpGSnpBEjNgcMNq6Scbu5KfIPxNF72R/2EA==
  dependencies:
    loose-envify "^1.1.0"
    object-assign "^4.1.1"

shallow-equal@^1.2.1:
  version "1.2.1"
  resolved "https://registry.yarnpkg.com/shallow-equal/-/shallow-equal-1.2.1.tgz#4c16abfa56043aa20d050324efa68940b0da79da"
  integrity sha512-S4vJDjHHMBaiZuT9NPb616CSmLf618jawtv3sufLl6ivK8WocjAo58cXwbRV1cgqxH0Qbv+iUt6m05eqEa2IRA==

"vtex.address-context@http://vtex.vtexassets.com/_v/public/typings/v1/vtex.address-context@0.0.4/public/@types/vtex.address-context":
  version "0.0.4"
  resolved "http://vtex.vtexassets.com/_v/public/typings/v1/vtex.address-context@0.0.4/public/@types/vtex.address-context#865c4ba79c9ab240645eb3e7de0bfb9a2b04dab5"

"vtex.checkout-components@https://lucas--checkoutio.myvtex.com/_v/private/typings/linked/v1/vtex.checkout-components@0.0.0+build1587560024/public/@types/vtex.checkout-components":
  version "0.0.0"
  resolved "https://lucas--checkoutio.myvtex.com/_v/private/typings/linked/v1/vtex.checkout-components@0.0.0+build1587560024/public/@types/vtex.checkout-components#e0b4a74428309a8070d6b0a48d84b86d222bfd49"

"vtex.checkout-graphql@http://vtex.vtexassets.com/_v/public/typings/v1/vtex.checkout-graphql@0.32.1/public/@types/vtex.checkout-graphql":
  version "0.32.1"
  resolved "http://vtex.vtexassets.com/_v/public/typings/v1/vtex.checkout-graphql@0.32.1/public/@types/vtex.checkout-graphql#c91c0dd4c995e69615560c773b554c7ad09a908d"

"vtex.format-currency@http://vtex.vtexassets.com/_v/public/typings/v1/vtex.format-currency@0.1.3/public/@types/vtex.format-currency":
  version "0.1.3"
  resolved "http://vtex.vtexassets.com/_v/public/typings/v1/vtex.format-currency@0.1.3/public/@types/vtex.format-currency#3544c6ee5c14482da201a198eede4ffba9f19406"

"vtex.formatted-price@http://vtex.vtexassets.com/_v/public/typings/v1/vtex.formatted-price@0.4.0/public/@types/vtex.formatted-price":
  version "0.4.0"
  resolved "http://vtex.vtexassets.com/_v/public/typings/v1/vtex.formatted-price@0.4.0/public/@types/vtex.formatted-price#821e3f087065704d02ee28e4f41aada3d6cb46da"

"vtex.order-manager@http://vtex.vtexassets.com/_v/public/typings/v1/vtex.order-manager@0.8.4/public/@types/vtex.order-manager":
  version "0.8.4"
  resolved "http://vtex.vtexassets.com/_v/public/typings/v1/vtex.order-manager@0.8.4/public/@types/vtex.order-manager#3a4761c73364853954dd61a61d1d01260cbbf634"

"vtex.order-shipping@https://lucas--checkoutio.myvtex.com/_v/private/typings/linked/v1/vtex.order-shipping@0.3.1+build1585939211/public/@types/vtex.order-shipping":
  version "0.3.1"
  resolved "https://lucas--checkoutio.myvtex.com/_v/private/typings/linked/v1/vtex.order-shipping@0.3.1+build1585939211/public/@types/vtex.order-shipping#436b58d2e5bc273bda118091bf4781efed6aac32"

"vtex.place-components@https://lucas--checkoutio.myvtex.com/_v/private/typings/linked/v1/vtex.place-components@0.6.0+build1587414020/public/@types/vtex.place-components":
  version "0.6.0"
  resolved "https://lucas--checkoutio.myvtex.com/_v/private/typings/linked/v1/vtex.place-components@0.6.0+build1587414020/public/@types/vtex.place-components#5bad5af90a38c54c0ebe839643eaf4ae223dfb3c"

"vtex.places-graphql@http://vtex.vtexassets.com/_v/public/typings/v1/vtex.places-graphql@0.2.0/public/@types/vtex.places-graphql":
  version "0.2.0"
  resolved "http://vtex.vtexassets.com/_v/public/typings/v1/vtex.places-graphql@0.2.0/public/@types/vtex.places-graphql#5625dafa1175684df56f78f4aefc66d01cce8234"

"vtex.render-runtime@http://vtex.vtexassets.com/_v/public/typings/v1/vtex.render-runtime@8.99.0/public/@types/vtex.render-runtime":
  version "8.99.0"
  resolved "http://vtex.vtexassets.com/_v/public/typings/v1/vtex.render-runtime@8.99.0/public/@types/vtex.render-runtime#2b514299e4afe4cb940de52278ff4c67525d4985"

"vtex.shipping-estimate-translator@http://vtex.vtexassets.com/_v/public/typings/v1/vtex.shipping-estimate-translator@2.2.0/public/@types/vtex.shipping-estimate-translator":
  version "2.2.0"
  resolved "http://vtex.vtexassets.com/_v/public/typings/v1/vtex.shipping-estimate-translator@2.2.0/public/@types/vtex.shipping-estimate-translator#7a7d833cb0edf14f3b1f1bd3e4cc6fe1a548c4df"

"vtex.styleguide@http://vtex.vtexassets.com/_v/public/typings/v1/vtex.styleguide@9.113.2/public/@types/vtex.styleguide":
  version "9.113.2"
  resolved "http://vtex.vtexassets.com/_v/public/typings/v1/vtex.styleguide@9.113.2/public/@types/vtex.styleguide#4e9917c30fe1a2ae3577083e60d16ac4b52537f2"
