# THIS IS AN AUTOGENERATED FILE. DO NOT EDIT THIS FILE DIRECTLY.
# yarn lockfile v1


"@apollo/react-common@^3.1.4":
  version "3.1.4"
  resolved "https://registry.yarnpkg.com/@apollo/react-common/-/react-common-3.1.4.tgz#ec13c985be23ea8e799c9ea18e696eccc97be345"
  integrity sha512-X5Kyro73bthWSCBJUC5XYQqMnG0dLWuDZmVkzog9dynovhfiVCV4kPSdgSIkqnb++cwCzOVuQ4rDKVwo2XRzQA==
  dependencies:
    ts-invariant "^0.4.4"
    tslib "^1.10.0"

"@apollo/react-components@^3.1.5":
  version "3.1.5"
  resolved "https://registry.yarnpkg.com/@apollo/react-components/-/react-components-3.1.5.tgz#040d2f35ce4947747efe16f76d59dcbd797ffdaf"
  integrity sha512-c82VyUuE9VBnJB7bnX+3dmwpIPMhyjMwyoSLyQWPHxz8jK4ak30XszJtqFf4eC4hwvvLYa+Ou6X73Q8V8e2/jg==
  dependencies:
    "@apollo/react-common" "^3.1.4"
    "@apollo/react-hooks" "^3.1.5"
    prop-types "^15.7.2"
    ts-invariant "^0.4.4"
    tslib "^1.10.0"

"@apollo/react-hoc@^3.1.5":
  version "3.1.5"
  resolved "https://registry.yarnpkg.com/@apollo/react-hoc/-/react-hoc-3.1.5.tgz#6552d2fb4aafc59fdc8f4e353358b98b89cfab6f"
  integrity sha512-jlZ2pvEnRevLa54H563BU0/xrYSgWQ72GksarxUzCHQW85nmn9wQln0kLBX7Ua7SBt9WgiuYQXQVechaaCulfQ==
  dependencies:
    "@apollo/react-common" "^3.1.4"
    "@apollo/react-components" "^3.1.5"
    hoist-non-react-statics "^3.3.0"
    ts-invariant "^0.4.4"
    tslib "^1.10.0"

"@apollo/react-hooks@^3.1.5":
  version "3.1.5"
  resolved "https://registry.yarnpkg.com/@apollo/react-hooks/-/react-hooks-3.1.5.tgz#7e710be52461255ae7fc0b3b9c2ece64299c10e6"
  integrity sha512-y0CJ393DLxIIkksRup4nt+vSjxalbZBXnnXxYbviq/woj+zKa431zy0yT4LqyRKpFy9ahMIwxBnBwfwIoupqLQ==
  dependencies:
    "@apollo/react-common" "^3.1.4"
    "@wry/equality" "^0.1.9"
    ts-invariant "^0.4.4"
    tslib "^1.10.0"

"@apollo/react-ssr@^3.1.5":
  version "3.1.5"
  resolved "https://registry.yarnpkg.com/@apollo/react-ssr/-/react-ssr-3.1.5.tgz#53703cd493afcde567acc6d5512cab03dafce6de"
  integrity sha512-wuLPkKlctNn3u8EU8rlECyktpOUCeekFfb0KhIKknpGY6Lza2Qu0bThx7D9MIbVEzhKadNNrzLcpk0Y8/5UuWg==
  dependencies:
    "@apollo/react-common" "^3.1.4"
    "@apollo/react-hooks" "^3.1.5"
    tslib "^1.10.0"

"@formatjs/intl-displaynames@^1.2.0":
  version "1.2.5"
  resolved "https://registry.yarnpkg.com/@formatjs/intl-displaynames/-/intl-displaynames-1.2.5.tgz#d8cc5c030719c61da793c9e29d03b5282dcc26a8"
  integrity sha512-/Gg9tzNkbKOukTJPJEf8INDgtep+nZyW2HnMsRKYyQqdvVH6wlkvBJ5qsdOlUhASg7TUM28Bwbrvj5R5iWwYzQ==
  dependencies:
    "@formatjs/intl-utils" "^2.2.2"

"@formatjs/intl-listformat@^1.4.1":
  version "1.4.4"
  resolved "https://registry.yarnpkg.com/@formatjs/intl-listformat/-/intl-listformat-1.4.4.tgz#87af681a3eadaa04387269f3e36b6f5b01c0e79a"
  integrity sha512-b9DFftQDQEE4fVHX8WFCIXLWdlt98XPyXoyNt9wTSOhUZBJUmu97w9y8fRZnPry6pES/D9yGLJeD4/XDjG0tbw==
  dependencies:
    "@formatjs/intl-utils" "^2.2.2"

"@formatjs/intl-relativetimeformat@^4.5.9":
  version "4.5.12"
  resolved "https://registry.yarnpkg.com/@formatjs/intl-relativetimeformat/-/intl-relativetimeformat-4.5.12.tgz#2d2365f62c15524a40b63627cd62924f6196dd4e"
  integrity sha512-Fh57ZnwOgAIA61i3BQhTb8C8OrCP1zDLQ35xzJ7yv/UiDDExAS8rQPf80+7Hu/8+kydL1DDgVY1PXvE63fxF+Q==
  dependencies:
    "@formatjs/intl-utils" "^2.2.2"

"@formatjs/intl-unified-numberformat@^3.2.0":
  version "3.3.3"
  resolved "https://registry.yarnpkg.com/@formatjs/intl-unified-numberformat/-/intl-unified-numberformat-3.3.3.tgz#c0006fb06588ccce614df50f3469ca2ec92816f2"
  integrity sha512-dic7DA8REMy8gkidkCSoWqTjaLIlCyLJ5fDtlgHzK/ftwxAlbSSHkbeozZ/IKQDPbbcSppI/t9hp9KT+co/Ksg==
  dependencies:
    "@formatjs/intl-utils" "^2.2.2"

"@formatjs/intl-utils@^2.2.0", "@formatjs/intl-utils@^2.2.2":
  version "2.2.2"
  resolved "https://registry.yarnpkg.com/@formatjs/intl-utils/-/intl-utils-2.2.2.tgz#adc448035c2e3f60c550bd27c97eca336e641f5a"
  integrity sha512-rKINaMRYH3FeNwYjEQwPtsA0kP2/hLLMB9mLi/QYfszz/huTqkInFmYilFRCX4oLlhFXDK5UQQMGNfEavN02Sg==

"@types/classnames@^2.2.10":
  version "2.2.10"
  resolved "https://registry.yarnpkg.com/@types/classnames/-/classnames-2.2.10.tgz#cc658ca319b6355399efc1f5b9e818f1a24bf999"
  integrity sha512-1UzDldn9GfYYEsWWnn/P4wkTlkZDH7lDb0wBMGbtIQc9zXEQq7FlKBdZUn6OBqD8sKZZ2RQO2mAjGpXiDGoRmQ==

"@types/hoist-non-react-statics@^3.3.1":
  version "3.3.1"
  resolved "https://registry.yarnpkg.com/@types/hoist-non-react-statics/-/hoist-non-react-statics-3.3.1.tgz#1124aafe5118cb591977aeb1ceaaed1070eb039f"
  integrity sha512-iMIqiko6ooLrTh1joXodJK5X9xeEALT1kM5G3ZLhD3hszxBdIEd5C75U834D9mLcINgD4OyZf5uQXjkuYydWvA==
  dependencies:
    "@types/react" "*"
    hoist-non-react-statics "^3.3.0"

"@types/invariant@^2.2.31":
  version "2.2.31"
  resolved "https://registry.yarnpkg.com/@types/invariant/-/invariant-2.2.31.tgz#4444c03004f215289dbca3856538434317dd28b2"
  integrity sha512-jMlgg9pIURvy9jgBHCjQp/CyBjYHUwj91etVcDdXkFl2CwTFiQlB+8tcsMeXpXf2PFE5X2pjk4Gm43hQSMHAdA==

"@types/node@^12.12.31":
  version "12.12.37"
  resolved "https://registry.yarnpkg.com/@types/node/-/node-12.12.37.tgz#cb4782d847f801fa58316da5b4801ca3a59ae790"
  integrity sha512-4mXKoDptrXAwZErQHrLzpe0FN/0Wmf5JRniSVIdwUrtDf9wnmEV1teCNLBo/TwuXhkK/bVegoEn/wmb+x0AuPg==

"@types/prop-types@*":
  version "15.7.3"
  resolved "https://registry.yarnpkg.com/@types/prop-types/-/prop-types-15.7.3.tgz#2ab0d5da2e5815f94b0b9d4b95d1e5f243ab2ca7"
  integrity sha512-KfRL3PuHmqQLOG+2tGpRO26Ctg+Cq1E01D2DMriKEATHgWLfeNDmq9e29Q9WIky0dQ3NPkd1mzYH8Lm936Z9qw==

"@types/react@*", "@types/react@^16.9.26":
  version "16.9.34"
  resolved "https://registry.yarnpkg.com/@types/react/-/react-16.9.34.tgz#f7d5e331c468f53affed17a8a4d488cd44ea9349"
  integrity sha512-8AJlYMOfPe1KGLKyHpflCg5z46n0b5DbRfqDksxBLBTUpB75ypDBAO9eCUcjNwE6LCUslwTz00yyG/X9gaVtow==
  dependencies:
    "@types/prop-types" "*"
    csstype "^2.2.0"

"@vtex/estimate-calculator@^1.1.0":
  version "1.1.0"
  resolved "https://registry.yarnpkg.com/@vtex/estimate-calculator/-/estimate-calculator-1.1.0.tgz#f1904e6681d72f7ae24745c85913f321507a1a19"
  integrity sha512-kN1o20vCce6Xtqg8U6odwMQcgx9PE4sAezyfkREe8LnCM6MaPUmJjVByt/4KYDmoa4YX1Q2mI4DiSKPFlOuJnQ==
  dependencies:
    lodash "^4.17.5"

"@wry/equality@^0.1.9":
  version "0.1.11"
  resolved "https://registry.yarnpkg.com/@wry/equality/-/equality-0.1.11.tgz#35cb156e4a96695aa81a9ecc4d03787bc17f1790"
  integrity sha512-mwEVBDUVODlsQQ5dfuLUS5/Tf7jqUKyhKYHmVi4fPB6bDMOfWvUPJmKgS1Z7Za/sOI3vzWt4+O7yCiL/70MogA==
  dependencies:
    tslib "^1.9.3"

"@xstate/react@^0.8.1":
  version "0.8.1"
  resolved "https://registry.yarnpkg.com/@xstate/react/-/react-0.8.1.tgz#df200547cca24c909572b7aef1ddab8bca3a0603"
  integrity sha512-8voZm4GX3x70lNQVvoGedoObPYapkQIbgMhE+xOQEsm8Ait4Zto6R01SZ6WJD4qvLl8JPV6uq96OcFRdEsVESg==

classnames@^2.2.6:
  version "2.2.6"
  resolved "https://registry.yarnpkg.com/classnames/-/classnames-2.2.6.tgz#43935bffdd291f326dad0a205309b38d00f650ce"
  integrity sha512-JR/iSQOSt+LQIWwrwEzJ9uk0xfN3mTVYMwt1Ir5mUcSN6pU+V4zQFFaJsclJbPuAUQH+yfWef6tm7l1quW3C8Q==

csstype@^2.2.0:
  version "2.6.10"
  resolved "https://registry.yarnpkg.com/csstype/-/csstype-2.6.10.tgz#e63af50e66d7c266edb6b32909cfd0aabe03928b"
  integrity sha512-D34BqZU4cIlMCY93rZHbrq9pjTAQJ3U8S8rfBqjwHxkGPThWFjzZDQpgMJY0QViLxth6ZKYiwFBo14RdN44U/w==

graphql@^14.6.0:
  version "14.6.0"
  resolved "https://registry.yarnpkg.com/graphql/-/graphql-14.6.0.tgz#57822297111e874ea12f5cd4419616930cd83e49"
  integrity sha512-VKzfvHEKybTKjQVpTFrA5yUq2S9ihcZvfJAtsDBBCuV6wauPu1xl/f9ehgVf0FcEJJs4vz6ysb/ZMkGigQZseg==
  dependencies:
    iterall "^1.2.2"

hoist-non-react-statics@^3.3.0, hoist-non-react-statics@^3.3.2:
  version "3.3.2"
  resolved "https://registry.yarnpkg.com/hoist-non-react-statics/-/hoist-non-react-statics-3.3.2.tgz#ece0acaf71d62c2969c2ec59feff42a4b1a85b45"
  integrity sha512-/gGivxi8JPKWNm/W0jSmzcMPpfpPLc3dY/6GxhX2hQ9iGj3aDfklV4ET7NjKpSinLpJ5vafa9iiGIEZg10SfBw==
  dependencies:
    react-is "^16.7.0"

intl-format-cache@^4.2.21:
  version "4.2.24"
  resolved "https://registry.yarnpkg.com/intl-format-cache/-/intl-format-cache-4.2.24.tgz#d6a264430553db233aa444acefc4150762d603e4"
  integrity sha512-eea8rHu7ipmUilSd9+MCglgR07E+xJXmTYVFODmeLKsO3Psr/OrixDr6vWprz1whli7cwRdSc1/jHVBxrd+QBw==

intl-messageformat-parser@^3.6.4:
  version "3.6.4"
  resolved "https://registry.yarnpkg.com/intl-messageformat-parser/-/intl-messageformat-parser-3.6.4.tgz#5199d106d816c3dda26ee0694362a9cf823978fb"
  integrity sha512-RgPGwue0mJtoX2Ax8EmMzJzttxjnva7gx0Q7mKJ4oALrTZvtmCeAw5Msz2PcjW4dtCh/h7vN/8GJCxZO1uv+OA==
  dependencies:
    "@formatjs/intl-unified-numberformat" "^3.2.0"

intl-messageformat@^7.8.4:
  version "7.8.4"
  resolved "https://registry.yarnpkg.com/intl-messageformat/-/intl-messageformat-7.8.4.tgz#c29146a06b9cd26662978a4d95fff2b133e3642f"
  integrity sha512-yS0cLESCKCYjseCOGXuV4pxJm/buTfyCJ1nzQjryHmSehlptbZbn9fnlk1I9peLopZGGbjj46yHHiTAEZ1qOTA==
  dependencies:
    intl-format-cache "^4.2.21"
    intl-messageformat-parser "^3.6.4"

iterall@^1.2.2:
  version "1.3.0"
  resolved "https://registry.yarnpkg.com/iterall/-/iterall-1.3.0.tgz#afcb08492e2915cbd8a0884eb93a8c94d0d72fea"
  integrity sha512-QZ9qOMdF+QLHxy1QIpUHUU1D5pS2CG2P69LF6L6CPjPYA/XMOmKV3PZpawHoAjHNyB0swdVTRxdYT4tbBbxqwg==

"js-tokens@^3.0.0 || ^4.0.0":
  version "4.0.0"
  resolved "https://registry.yarnpkg.com/js-tokens/-/js-tokens-4.0.0.tgz#19203fb59991df98e3a287050d4647cdeaf32499"
  integrity sha512-RdJUflcE3cUzKiMqQgsCu06FPu9UdIJO0beYbPhHN4k6apgJtifcoCtT9bcxOpYBtpD2kCM6Sbzg4CausW/PKQ==

lodash@^4.17.5:
  version "4.17.15"
  resolved "https://registry.yarnpkg.com/lodash/-/lodash-4.17.15.tgz#b447f6670a0455bbfeedd11392eff330ea097548"
  integrity sha512-8xOcRHvCjnocdS5cpwXQXVzmmh5e5+saE2QGoeQmbKmRS6J3VQppPOIt0MnmE+4xlZoumy0GPG0D0MVIQbNA1A==

loose-envify@^1.1.0, loose-envify@^1.4.0:
  version "1.4.0"
  resolved "https://registry.yarnpkg.com/loose-envify/-/loose-envify-1.4.0.tgz#71ee51fa7be4caec1a63839f7e682d8132d30caf"
  integrity sha512-lyuxPGr/Wfhrlem2CL/UcnUc1zcqKAImBDzukY7Y5F/yQiNdko6+fRLevlw1HgMySw7f611UIY408EtxRSoK3Q==
  dependencies:
    js-tokens "^3.0.0 || ^4.0.0"

object-assign@^4.1.1:
  version "4.1.1"
  resolved "https://registry.yarnpkg.com/object-assign/-/object-assign-4.1.1.tgz#2109adc7965887cfc05cbbd442cac8bfbb360863"
  integrity sha1-IQmtx5ZYh8/AXLvUQsrIv7s2CGM=

prop-types@^15.6.2, prop-types@^15.7.2:
  version "15.7.2"
  resolved "https://registry.yarnpkg.com/prop-types/-/prop-types-15.7.2.tgz#52c41e75b8c87e72b9d9360e0206b99dcbffa6c5"
  integrity sha512-8QQikdH7//R2vurIJSutZ1smHYTcLpRWEOlHnzcWHmBYrOGUysKwSsrC89BCiFj3CbrfJ/nXFdJepOVrY1GCHQ==
  dependencies:
    loose-envify "^1.4.0"
    object-assign "^4.1.1"
    react-is "^16.8.1"

react-apollo@^3.1.5:
  version "3.1.5"
  resolved "https://registry.yarnpkg.com/react-apollo/-/react-apollo-3.1.5.tgz#36692d393c47e7ccc37f0a885c7cc5a8b4961c91"
  integrity sha512-xOxMqxORps+WHrUYbjVHPliviomefOpu5Sh35oO3osuOyPTxvrljdfTLGCggMhcXBsDljtS5Oy4g+ijWg3D4JQ==
  dependencies:
    "@apollo/react-common" "^3.1.4"
    "@apollo/react-components" "^3.1.5"
    "@apollo/react-hoc" "^3.1.5"
    "@apollo/react-hooks" "^3.1.5"
    "@apollo/react-ssr" "^3.1.5"

react-dom@^16.13.1:
  version "16.13.1"
  resolved "https://registry.yarnpkg.com/react-dom/-/react-dom-16.13.1.tgz#c1bd37331a0486c078ee54c4740720993b2e0e7f"
  integrity sha512-81PIMmVLnCNLO/fFOQxdQkvEq/+Hfpv24XNJfpyZhTRfO0QcmQIF/PgCa1zCOj2w1hrn12MFLyaJ/G0+Mxtfag==
  dependencies:
    loose-envify "^1.1.0"
    object-assign "^4.1.1"
    prop-types "^15.6.2"
    scheduler "^0.19.1"

react-intl@^3:
  version "3.12.1"
  resolved "https://registry.yarnpkg.com/react-intl/-/react-intl-3.12.1.tgz#e9a783ea20302e9da25e4eda59e5593a43d2ec80"
  integrity sha512-cgumW29mwROIqyp8NXStYsoIm27+8FqnxykiLSawWjOxGIBeLuN/+p2srei5SRIumcJefOkOIHP+NDck05RgHg==
  dependencies:
    "@formatjs/intl-displaynames" "^1.2.0"
    "@formatjs/intl-listformat" "^1.4.1"
    "@formatjs/intl-relativetimeformat" "^4.5.9"
    "@formatjs/intl-unified-numberformat" "^3.2.0"
    "@formatjs/intl-utils" "^2.2.0"
    "@types/hoist-non-react-statics" "^3.3.1"
    "@types/invariant" "^2.2.31"
    hoist-non-react-statics "^3.3.2"
    intl-format-cache "^4.2.21"
    intl-messageformat "^7.8.4"
    intl-messageformat-parser "^3.6.4"
    shallow-equal "^1.2.1"

react-is@^16.7.0, react-is@^16.8.1:
  version "16.13.1"
  resolved "https://registry.yarnpkg.com/react-is/-/react-is-16.13.1.tgz#789729a4dc36de2999dc156dd6c1d9c18cea56a4"
  integrity sha512-24e6ynE2H+OKt4kqsOvNd8kBpV65zoxbA4BVsEOB3ARVWQki/DHzaUoC5KuON/BiccDaCCTZBuOcfZs70kR8bQ==

react@^16.13.1:
  version "16.13.1"
  resolved "https://registry.yarnpkg.com/react/-/react-16.13.1.tgz#2e818822f1a9743122c063d6410d85c1e3afe48e"
  integrity sha512-YMZQQq32xHLX0bz5Mnibv1/LHb3Sqzngu7xstSM+vrkE5Kzr9xE0yMByK5kMoTK30YVJE61WfbxIFFvfeDKT1w==
  dependencies:
    loose-envify "^1.1.0"
    object-assign "^4.1.1"
    prop-types "^15.6.2"

scheduler@^0.19.1:
  version "0.19.1"
  resolved "https://registry.yarnpkg.com/scheduler/-/scheduler-0.19.1.tgz#4f3e2ed2c1a7d65681f4c854fa8c5a1ccb40f196"
  integrity sha512-n/zwRWRYSUj0/3g/otKDRPMh6qv2SYMWNq85IEa8iZyAv8od9zDYpGSnpBEjNgcMNq6Scbu5KfIPxNF72R/2EA==
  dependencies:
    loose-envify "^1.1.0"
    object-assign "^4.1.1"

shallow-equal@^1.2.1:
  version "1.2.1"
  resolved "https://registry.yarnpkg.com/shallow-equal/-/shallow-equal-1.2.1.tgz#4c16abfa56043aa20d050324efa68940b0da79da"
  integrity sha512-S4vJDjHHMBaiZuT9NPb616CSmLf618jawtv3sufLl6ivK8WocjAo58cXwbRV1cgqxH0Qbv+iUt6m05eqEa2IRA==

ts-invariant@^0.4.4:
  version "0.4.4"
  resolved "https://registry.yarnpkg.com/ts-invariant/-/ts-invariant-0.4.4.tgz#97a523518688f93aafad01b0e80eb803eb2abd86"
  integrity sha512-uEtWkFM/sdZvRNNDL3Ehu4WVpwaulhwQszV8mrtcdeE8nN00BV9mAmQ88RkrBhFgl9gMgvjJLAQcZbnPXI9mlA==
  dependencies:
    tslib "^1.9.3"

tslib@^1.10.0, tslib@^1.9.3:
  version "1.13.0"
  resolved "https://registry.yarnpkg.com/tslib/-/tslib-1.13.0.tgz#c881e13cc7015894ed914862d276436fa9a47043"
  integrity sha512-i/6DQjL8Xf3be4K/E6Wgpekn5Qasl1usyw++dAA35Ue5orEn65VIxOA+YvNNl9HV3qv70T7CNwjODHZrLwvd1Q==

"vtex.address-context@http://vtex.vtexassets.com/_v/public/typings/v1/vtex.address-context@0.2.0/public/@types/vtex.address-context":
  version "0.2.0"
  resolved "http://vtex.vtexassets.com/_v/public/typings/v1/vtex.address-context@0.2.0/public/@types/vtex.address-context#8ecf925862bd0ab829d5270d6b926f3dc55d7703"

"vtex.checkout-components@http://vtex.vtexassets.com/_v/public/typings/v1/vtex.checkout-components@0.4.0/public/@types/vtex.checkout-components":
  version "0.4.0"
  resolved "http://vtex.vtexassets.com/_v/public/typings/v1/vtex.checkout-components@0.4.0/public/@types/vtex.checkout-components#e944338bd1d7acaee7e32dacb0ffd2bc45aa5c9b"

"vtex.checkout-container@http://vtex.vtexassets.com/_v/public/typings/v1/vtex.checkout-container@0.6.0/public/@types/vtex.checkout-container":
  version "0.6.0"
  resolved "http://vtex.vtexassets.com/_v/public/typings/v1/vtex.checkout-container@0.6.0/public/@types/vtex.checkout-container#a79170cf2fc14601514850967bf954a5cbcf672f"

"vtex.checkout-graphql@http://vtex.vtexassets.com/_v/public/typings/v1/vtex.checkout-graphql@0.36.4/public/@types/vtex.checkout-graphql":
  version "0.36.4"
  resolved "http://vtex.vtexassets.com/_v/public/typings/v1/vtex.checkout-graphql@0.36.4/public/@types/vtex.checkout-graphql#93d1f6c2fd673759bd0b0409f883a1f6b2fb75d5"

"vtex.country-data-settings@http://vtex.vtexassets.com/_v/public/typings/v1/vtex.country-data-settings@0.2.0/public/@types/vtex.country-data-settings":
  version "0.2.0"
  resolved "http://vtex.vtexassets.com/_v/public/typings/v1/vtex.country-data-settings@0.2.0/public/@types/vtex.country-data-settings#b1783cda8026784c05bcdfda4e67a6b20393202b"

"vtex.format-currency@http://vtex.vtexassets.com/_v/public/typings/v1/vtex.format-currency@0.1.4/public/@types/vtex.format-currency":
  version "0.1.4"
  resolved "http://vtex.vtexassets.com/_v/public/typings/v1/vtex.format-currency@0.1.4/public/@types/vtex.format-currency#a36aa61ff95701388c0c793b8a7539b0c3d9dcf3"

"vtex.formatted-price@http://vtex.vtexassets.com/_v/public/typings/v1/vtex.formatted-price@0.4.0/public/@types/vtex.formatted-price":
  version "0.4.0"
  resolved "http://vtex.vtexassets.com/_v/public/typings/v1/vtex.formatted-price@0.4.0/public/@types/vtex.formatted-price#821e3f087065704d02ee28e4f41aada3d6cb46da"

"vtex.order-manager@http://vtex.vtexassets.com/_v/public/typings/v1/vtex.order-manager@0.8.5/public/@types/vtex.order-manager":
  version "0.8.5"
  resolved "http://vtex.vtexassets.com/_v/public/typings/v1/vtex.order-manager@0.8.5/public/@types/vtex.order-manager#1f01414540d02e2ea7e41e73edaf431d407a9985"

"vtex.order-shipping@http://vtex.vtexassets.com/_v/public/typings/v1/vtex.order-shipping@0.5.0/public/@types/vtex.order-shipping":
  version "0.5.0"
  resolved "http://vtex.vtexassets.com/_v/public/typings/v1/vtex.order-shipping@0.5.0/public/@types/vtex.order-shipping#c319f2dfba44177d019373d918b0a5a7160b7aef"

"vtex.place-components@http://vtex.vtexassets.com/_v/public/typings/v1/vtex.place-components@0.8.1/public/@types/vtex.place-components":
  version "0.8.1"
  resolved "http://vtex.vtexassets.com/_v/public/typings/v1/vtex.place-components@0.8.1/public/@types/vtex.place-components#ce6d6a053572ba0e311c7e06c5de3221091e8fc7"

"vtex.places-graphql@http://vtex.vtexassets.com/_v/public/typings/v1/vtex.places-graphql@0.2.1/public/@types/vtex.places-graphql":
  version "0.2.1"
  resolved "http://vtex.vtexassets.com/_v/public/typings/v1/vtex.places-graphql@0.2.1/public/@types/vtex.places-graphql#ca02f9676515458e537afc08658ec79e6b263a7b"

"vtex.render-runtime@http://vtex.vtexassets.com/_v/public/typings/v1/vtex.render-runtime@8.111.0/public/@types/vtex.render-runtime":
  version "8.111.0"
  resolved "http://vtex.vtexassets.com/_v/public/typings/v1/vtex.render-runtime@8.111.0/public/@types/vtex.render-runtime#01b2ce53d1aa2a974f5229c61bd9c83b43a86d76"

"vtex.shipping-estimate-translator@http://vtex.vtexassets.com/_v/public/typings/v1/vtex.shipping-estimate-translator@2.2.1/public/@types/vtex.shipping-estimate-translator":
  version "2.2.1"
  resolved "http://vtex.vtexassets.com/_v/public/typings/v1/vtex.shipping-estimate-translator@2.2.1/public/@types/vtex.shipping-estimate-translator#c2e78e6aed3042457d99bbb8b81ae6923869e8bb"

"vtex.styleguide@http://vtex.vtexassets.com/_v/public/typings/v1/vtex.styleguide@9.124.2/public/@types/vtex.styleguide":
  version "9.124.2"
  resolved "http://vtex.vtexassets.com/_v/public/typings/v1/vtex.styleguide@9.124.2/public/@types/vtex.styleguide#23f1937bebae169c1d110594a4af3cc3ef05c601"

xstate@^4.8.0:
  version "4.9.1"
  resolved "https://registry.yarnpkg.com/xstate/-/xstate-4.9.1.tgz#da883ae0993b129ba0b54592c59b069963b0fe0a"
  integrity sha512-cfNnRaBebnr1tvs0nHBUTyomfJx36+8MWwXceyNTZfjyELMM8nIoiBDcUzfKmpNlnAvs2ZPREos19cw6Zl4nng==
