# THIS IS AN AUTOGENERATED FILE. DO NOT EDIT THIS FILE DIRECTLY.
# yarn lockfile v1


"vtex.render-runtime@http://vtex.vtexassets.com/_v/public/typings/v1/vtex.render-runtime@8.97.1/public/@types/vtex.render-runtime":
  version "8.97.1"
  resolved "http://vtex.vtexassets.com/_v/public/typings/v1/vtex.render-runtime@8.97.1/public/@types/vtex.render-runtime#e350f69527e3d5e9855d0c4a42c5ed59602f6ceb"
